
Microsoft Visual Studio Solution File, Format Version 12.00
# Visual Studio Version 17
VisualStudioVersion = 17.2.32516.85
MinimumVisualStudioVersion = 10.0.40219.1
Project("{FAE04EC0-301F-11D3-BF4B-00C04F79EFBC}") = "AspTest", "AspTest.csproj", "{F4853032-AED6-4D01-AE17-5FFD3655BF80}"
EndProject
Project("{FAE04EC0-301F-11D3-BF4B-00C04F79EFBC}") = "AspTestUnit", "..\AspTestUnit\AspTestUnit.csproj", "{A9159B13-DCB6-4DD7-8D2F-478F8B3A3CC1}"
EndProject
Global
	GlobalSection(SolutionConfigurationPlatforms) = preSolution
		Debug|Any CPU = Debug|Any CPU
		Release|Any CPU = Release|Any CPU
	EndGlobalSection
	GlobalSection(ProjectConfigurationPlatforms) = postSolution
		{F4853032-AED6-4D01-AE17-5FFD3655BF80}.Debug|Any CPU.ActiveCfg = Debug|Any CPU
		{F4853032-AED6-4D01-AE17-5FFD3655BF80}.Debug|Any CPU.Build.0 = Debug|Any CPU
		{F4853032-AED6-4D01-AE17-5FFD3655BF80}.Release|Any CPU.ActiveCfg = Release|Any CPU
		{F4853032-AED6-4D01-AE17-5FFD3655BF80}.Release|Any CPU.Build.0 = Release|Any CPU
		{A9159B13-DCB6-4DD7-8D2F-478F8B3A3CC1}.Debug|Any CPU.ActiveCfg = Debug|Any CPU
		{A9159B13-DCB6-4DD7-8D2F-478F8B3A3CC1}.Debug|Any CPU.Build.0 = Debug|Any CPU
		{A9159B13-DCB6-4DD7-8D2F-478F8B3A3CC1}.Release|Any CPU.ActiveCfg = Release|Any CPU
		{A9159B13-DCB6-4DD7-8D2F-478F8B3A3CC1}.Release|Any CPU.Build.0 = Release|Any CPU
	EndGlobalSection
	GlobalSection(SolutionProperties) = preSolution
		HideSolutionNode = FALSE
	EndGlobalSection
	GlobalSection(ExtensibilityGlobals) = postSolution
		SolutionGuid = {12B7D086-9AD5-4DFF-A9EA-AECAAF99D7C4}
	EndGlobalSection
EndGlobal
