
Microsoft Visual Studio Solution File, Format Version 12.00
# Visual Studio Version 17
VisualStudioVersion = 17.1.32421.90
MinimumVisualStudioVersion = 10.0.40219.1
Project("{FAE04EC0-301F-11D3-BF4B-00C04F79EFBC}") = "PP1", "PP1\PP1.csproj", "{C9B7FA98-4C4A-4FA6-91ED-E8C2FA86018D}"
EndProject
Global
	GlobalSection(SolutionConfigurationPlatforms) = preSolution
		Debug|Any CPU = Debug|Any CPU
		Release|Any CPU = Release|Any CPU
	EndGlobalSection
	GlobalSection(ProjectConfigurationPlatforms) = postSolution
		{C9B7FA98-4C4A-4FA6-91ED-E8C2FA86018D}.Debug|Any CPU.ActiveCfg = Debug|Any CPU
		{C9B7FA98-4C4A-4FA6-91ED-E8C2FA86018D}.Debug|Any CPU.Build.0 = Debug|Any CPU
		{C9B7FA98-4C4A-4FA6-91ED-E8C2FA86018D}.Release|Any CPU.ActiveCfg = Release|Any CPU
		{C9B7FA98-4C4A-4FA6-91ED-E8C2FA86018D}.Release|Any CPU.Build.0 = Release|Any CPU
	EndGlobalSection
	GlobalSection(SolutionProperties) = preSolution
		HideSolutionNode = FALSE
	EndGlobalSection
	GlobalSection(ExtensibilityGlobals) = postSolution
		SolutionGuid = {2337FD1E-4485-4AE9-900D-671820EBD9D1}
	EndGlobalSection
EndGlobal
