
Microsoft Visual Studio Solution File, Format Version 12.00
# Visual Studio Version 17
VisualStudioVersion = 17.1.32421.90
MinimumVisualStudioVersion = 10.0.40219.1
Project("{FAE04EC0-301F-11D3-BF4B-00C04F79EFBC}") = "Dia3", "Dia3.csproj", "{DA36E1E0-DFD9-4B06-A18D-05FC84788F93}"
EndProject
Global
	GlobalSection(SolutionConfigurationPlatforms) = preSolution
		Debug|Any CPU = Debug|Any CPU
		Release|Any CPU = Release|Any CPU
	EndGlobalSection
	GlobalSection(ProjectConfigurationPlatforms) = postSolution
		{DA36E1E0-DFD9-4B06-A18D-05FC84788F93}.Debug|Any CPU.ActiveCfg = Debug|Any CPU
		{DA36E1E0-DFD9-4B06-A18D-05FC84788F93}.Debug|Any CPU.Build.0 = Debug|Any CPU
		{DA36E1E0-DFD9-4B06-A18D-05FC84788F93}.Release|Any CPU.ActiveCfg = Release|Any CPU
		{DA36E1E0-DFD9-4B06-A18D-05FC84788F93}.Release|Any CPU.Build.0 = Release|Any CPU
	EndGlobalSection
	GlobalSection(SolutionProperties) = preSolution
		HideSolutionNode = FALSE
	EndGlobalSection
	GlobalSection(ExtensibilityGlobals) = postSolution
		SolutionGuid = {16E126C9-C3C3-44DD-9F92-1F1F9D4B4278}
	EndGlobalSection
EndGlobal
