
Microsoft Visual Studio Solution File, Format Version 12.00
# Visual Studio Version 17
VisualStudioVersion = 17.1.32421.90
MinimumVisualStudioVersion = 10.0.40219.1
Project("{FAE04EC0-301F-11D3-BF4B-00C04F79EFBC}") = "Dia2", "Dia2.csproj", "{81673344-6E7C-4A24-89EE-A6B25E2A25A3}"
EndProject
Global
	GlobalSection(SolutionConfigurationPlatforms) = preSolution
		Debug|Any CPU = Debug|Any CPU
		Release|Any CPU = Release|Any CPU
	EndGlobalSection
	GlobalSection(ProjectConfigurationPlatforms) = postSolution
		{81673344-6E7C-4A24-89EE-A6B25E2A25A3}.Debug|Any CPU.ActiveCfg = Debug|Any CPU
		{81673344-6E7C-4A24-89EE-A6B25E2A25A3}.Debug|Any CPU.Build.0 = Debug|Any CPU
		{81673344-6E7C-4A24-89EE-A6B25E2A25A3}.Release|Any CPU.ActiveCfg = Release|Any CPU
		{81673344-6E7C-4A24-89EE-A6B25E2A25A3}.Release|Any CPU.Build.0 = Release|Any CPU
	EndGlobalSection
	GlobalSection(SolutionProperties) = preSolution
		HideSolutionNode = FALSE
	EndGlobalSection
	GlobalSection(ExtensibilityGlobals) = postSolution
		SolutionGuid = {9A95F239-E4ED-436E-B06D-A78F5914F824}
	EndGlobalSection
EndGlobal
