
Microsoft Visual Studio Solution File, Format Version 12.00
# Visual Studio Version 17
VisualStudioVersion = 17.2.32516.85
MinimumVisualStudioVersion = 10.0.40219.1
Project("{FAE04EC0-301F-11D3-BF4B-00C04F79EFBC}") = "Dia14", "Dia14.csproj", "{5DB17726-152A-4435-914E-3300E5EB05B2}"
EndProject
Global
	GlobalSection(SolutionConfigurationPlatforms) = preSolution
		Debug|Any CPU = Debug|Any CPU
		Release|Any CPU = Release|Any CPU
	EndGlobalSection
	GlobalSection(ProjectConfigurationPlatforms) = postSolution
		{5DB17726-152A-4435-914E-3300E5EB05B2}.Debug|Any CPU.ActiveCfg = Debug|Any CPU
		{5DB17726-152A-4435-914E-3300E5EB05B2}.Debug|Any CPU.Build.0 = Debug|Any CPU
		{5DB17726-152A-4435-914E-3300E5EB05B2}.Release|Any CPU.ActiveCfg = Release|Any CPU
		{5DB17726-152A-4435-914E-3300E5EB05B2}.Release|Any CPU.Build.0 = Release|Any CPU
	EndGlobalSection
	GlobalSection(SolutionProperties) = preSolution
		HideSolutionNode = FALSE
	EndGlobalSection
	GlobalSection(ExtensibilityGlobals) = postSolution
		SolutionGuid = {88D6C183-E8CA-423A-8B94-3E828D46A37C}
	EndGlobalSection
EndGlobal
