
Microsoft Visual Studio Solution File, Format Version 12.00
# Visual Studio Version 17
VisualStudioVersion = 17.1.32421.90
MinimumVisualStudioVersion = 10.0.40219.1
Project("{00D1A9C2-B5F0-4AF3-8072-F6C62B433612}") = "Dia8c", "Dia8c.sqlproj", "{55189F4F-5E21-419C-B434-C2A0DD97CE5C}"
EndProject
Global
	GlobalSection(SolutionConfigurationPlatforms) = preSolution
		Debug|Any CPU = Debug|Any CPU
		Release|Any CPU = Release|Any CPU
	EndGlobalSection
	GlobalSection(ProjectConfigurationPlatforms) = postSolution
		{55189F4F-5E21-419C-B434-C2A0DD97CE5C}.Debug|Any CPU.ActiveCfg = Debug|Any CPU
		{55189F4F-5E21-419C-B434-C2A0DD97CE5C}.Debug|Any CPU.Build.0 = Debug|Any CPU
		{55189F4F-5E21-419C-B434-C2A0DD97CE5C}.Debug|Any CPU.Deploy.0 = Debug|Any CPU
		{55189F4F-5E21-419C-B434-C2A0DD97CE5C}.Release|Any CPU.ActiveCfg = Release|Any CPU
		{55189F4F-5E21-419C-B434-C2A0DD97CE5C}.Release|Any CPU.Build.0 = Release|Any CPU
		{55189F4F-5E21-419C-B434-C2A0DD97CE5C}.Release|Any CPU.Deploy.0 = Release|Any CPU
	EndGlobalSection
	GlobalSection(SolutionProperties) = preSolution
		HideSolutionNode = FALSE
	EndGlobalSection
	GlobalSection(ExtensibilityGlobals) = postSolution
		SolutionGuid = {E5EC3241-19C1-4976-83F9-A59EAEB09F5A}
	EndGlobalSection
EndGlobal
