
Microsoft Visual Studio Solution File, Format Version 12.00
# Visual Studio Version 17
VisualStudioVersion = 17.2.32516.85
MinimumVisualStudioVersion = 10.0.40219.1
Project("{FAE04EC0-301F-11D3-BF4B-00C04F79EFBC}") = "Swaggerdia18", "Swaggerdia18.csproj", "{91944798-9040-43D7-8491-4C8A06399F90}"
EndProject
Global
	GlobalSection(SolutionConfigurationPlatforms) = preSolution
		Debug|Any CPU = Debug|Any CPU
		Release|Any CPU = Release|Any CPU
	EndGlobalSection
	GlobalSection(ProjectConfigurationPlatforms) = postSolution
		{91944798-9040-43D7-8491-4C8A06399F90}.Debug|Any CPU.ActiveCfg = Debug|Any CPU
		{91944798-9040-43D7-8491-4C8A06399F90}.Debug|Any CPU.Build.0 = Debug|Any CPU
		{91944798-9040-43D7-8491-4C8A06399F90}.Release|Any CPU.ActiveCfg = Release|Any CPU
		{91944798-9040-43D7-8491-4C8A06399F90}.Release|Any CPU.Build.0 = Release|Any CPU
	EndGlobalSection
	GlobalSection(SolutionProperties) = preSolution
		HideSolutionNode = FALSE
	EndGlobalSection
	GlobalSection(ExtensibilityGlobals) = postSolution
		SolutionGuid = {62A9E86A-5228-4F96-8F5B-6D3A53DE1AFA}
	EndGlobalSection
EndGlobal
